<Solution>
  <Project Path="Cecaff.Scrapper/Cecaff.Scrapper.csproj" Id="11ab96fa-8784-4a6d-ba94-8e7187690398" />
  <Project Path="PencaTimeHelpper.LigMXIconsScrapper/PencaTimeHelpper.LigMXIconsScrapper.csproj" Id="3a721546-bce8-40e6-a3bf-55c6c8d2826f" />
  <Project Path="PencaTimeHelpper/PencaTimeHelpper.csproj" />
</Solution>

